# This file is autogenerated, do not edit; changes may be undone by the next 'dep ensure'.


[[projects]]
  branch = "master"
  digest = "1:99b3c1fa05e45088c3da52f384dd848b75970b6e92829d23ba94777792a07eb0"
  name = "github.com/go-chat-bot/bot"
  packages = [
    ".",
    "irc",
  ]
  pruneopts = "UT"
  revision = "e13ffd51259d5d03b94a6e6f1fb61f25390397c1"

[[projects]]
  branch = "master"
  digest = "1:b5d5fd15e037ea471fdd2b1f9384426f99bbf623dd0e9c59dfc34e679d9959db"
  name = "github.com/go-chat-bot/plugins"
  packages = ["cmd"]
  pruneopts = "UT"
  revision = "f849e5548ebdf21cf7a757caffffda4069913746"

[[projects]]
  digest = "1:ecd9aa82687cf31d1585d4ac61d0ba180e42e8a6182b85bd785fcca8dfeefc1b"
  name = "github.com/joho/godotenv"
  packages = ["."]
  pruneopts = "UT"
  revision = "23d116af351c84513e1946b527c88823e476be13"
  version = "v1.3.0"

[[projects]]
  digest = "1:a310b34fdb4af778ac92cdc961165fa4d994ea9753c3da99bd9e5285b94cde6a"
  name = "github.com/mattn/go-shellwords"
  packages = ["."]
  pruneopts = "UT"
  revision = "a72fbe27a1b0ed0df2f02754945044ce1456608b"
  version = "v1.0.5"

[[projects]]
  digest = "1:be88a46cd36136d9a0fbe8f42dffc269a62544e3a12ff3b047b4704f9b349b42"
  name = "github.com/mozillazg/go-unidecode"
  packages = [
    ".",
    "table",
  ]
  pruneopts = "UT"
  revision = "7ab3c72180eeb79ccb8746137e14d6b0a60dd685"
  version = "v0.1.0"

[[projects]]
  digest = "1:ed615c5430ecabbb0fb7629a182da65ecee6523900ac1ac932520860878ffcad"
  name = "github.com/robfig/cron"
  packages = ["."]
  pruneopts = "UT"
  revision = "b41be1df696709bb6395fe435af20370037c0b4c"
  version = "v1.1"

[[projects]]
  digest = "1:d54012310bade386dd6c887dd5c238d41231144bd3e7e2945237711b3336317e"
  name = "github.com/thoj/go-ircevent"
  packages = ["."]
  pruneopts = "UT"
  revision = "5063e5f26097f6423c9de665079347c9473788da"
  version = "0.2"

[solve-meta]
  analyzer-name = "dep"
  analyzer-version = 1
  input-imports = [
    "github.com/go-chat-bot/bot/irc",
    "github.com/go-chat-bot/plugins/cmd",
    "github.com/joho/godotenv",
  ]
  solver-name = "gps-cdcl"
  solver-version = 1
